{
  "name": "test1",
  "lockfileVersion": 3,
  "requires": true,
  "packages": {
    "": {
      "dependencies": {
        "@vant/weapp": "^1.11.4"
      }
    },
    "node_modules/@vant/weapp": {
      "version": "1.11.4",
      "resolved": "https://registry.npmjs.org/@vant/weapp/-/weapp-1.11.4.tgz",
      "integrity": "sha512-egOsWO4hVMP1SQSqQ46jy8UD3WysvlnUecRzPM21Y3ovkOFZ6wlaO7oHQmTXRpwr+V41Qri1qEbtNjhVxFqdyw=="
    }
  }
}
